
Microsoft Visual Studio Solution File, Format Version 12.00
# Visual Studio Version 17
VisualStudioVersion = 17.2.32516.85
MinimumVisualStudioVersion = 10.0.40219.1
Project("{FAE04EC0-301F-11D3-BF4B-00C04F79EFBC}") = "bulkyBookWeb", "bulkyBookWeb\bulkyBookWeb.csproj", "{67A98414-267E-48F6-A33A-A60B9C517CE0}"
EndProject
Global
	GlobalSection(SolutionConfigurationPlatforms) = preSolution
		Debug|Any CPU = Debug|Any CPU
		Release|Any CPU = Release|Any CPU
	EndGlobalSection
	GlobalSection(ProjectConfigurationPlatforms) = postSolution
		{67A98414-267E-48F6-A33A-A60B9C517CE0}.Debug|Any CPU.ActiveCfg = Debug|Any CPU
		{67A98414-267E-48F6-A33A-A60B9C517CE0}.Debug|Any CPU.Build.0 = Debug|Any CPU
		{67A98414-267E-48F6-A33A-A60B9C517CE0}.Release|Any CPU.ActiveCfg = Release|Any CPU
		{67A98414-267E-48F6-A33A-A60B9C517CE0}.Release|Any CPU.Build.0 = Release|Any CPU
	EndGlobalSection
	GlobalSection(SolutionProperties) = preSolution
		HideSolutionNode = FALSE
	EndGlobalSection
	GlobalSection(ExtensibilityGlobals) = postSolution
		SolutionGuid = {F8ED3913-6123-4209-AE3B-5A983822A466}
	EndGlobalSection
EndGlobal
